
Microsoft Visual Studio Solution File, Format Version 12.00
Project("{FAE04EC0-301F-11D3-BF4B-00C04F79EFBC}") = "RadencyTestTasks.Task1", "RadencyTestTasks.Task1\RadencyTestTasks.Task1.csproj", "{B82C435E-C1BC-4701-907D-5C6426E2F189}"
EndProject
Global
	GlobalSection(SolutionConfigurationPlatforms) = preSolution
		Debug|Any CPU = Debug|Any CPU
		Release|Any CPU = Release|Any CPU
	EndGlobalSection
	GlobalSection(ProjectConfigurationPlatforms) = postSolution
		{B82C435E-C1BC-4701-907D-5C6426E2F189}.Debug|Any CPU.ActiveCfg = Debug|Any CPU
		{B82C435E-C1BC-4701-907D-5C6426E2F189}.Debug|Any CPU.Build.0 = Debug|Any CPU
		{B82C435E-C1BC-4701-907D-5C6426E2F189}.Release|Any CPU.ActiveCfg = Release|Any CPU
		{B82C435E-C1BC-4701-907D-5C6426E2F189}.Release|Any CPU.Build.0 = Release|Any CPU
	EndGlobalSection
EndGlobal
